// !$*UTF8*$!
{
	archiveVersion = 1;
	classes = {
	};
	objectVersion = 56;
	objects = {

/* Begin PBXBuildFile section */
		DF13867B286CF76B0021AE02 /* cube_trackApp.swift in Sources */ = {isa = PBXBuildFile; fileRef = DF13867A286CF76B0021AE02 /* cube_trackApp.swift */; };
		DF13867D286CF76B0021AE02 /* ContentView.swift in Sources */ = {isa = PBXBuildFile; fileRef = DF13867C286CF76B0021AE02 /* ContentView.swift */; };
		DF13867F286CF76C0021AE02 /* Assets.xcassets in Resources */ = {isa = PBXBuildFile; fileRef = DF13867E286CF76C0021AE02 /* Assets.xcassets */; };
		DF138683286CF76C0021AE02 /* Preview Assets.xcassets in Resources */ = {isa = PBXBuildFile; fileRef = DF138682286CF76C0021AE02 /* Preview Assets.xcassets */; };
		DF138697286CF76D0021AE02 /* cube_trackUITests.swift in Sources */ = {isa = PBXBuildFile; fileRef = DF138696286CF76D0021AE02 /* cube_trackUITests.swift */; };
		DF1386A7286CF8DB0021AE02 /* TrackedTime.swift in Sources */ = {isa = PBXBuildFile; fileRef = DF1386A6286CF8DB0021AE02 /* TrackedTime.swift */; };
		DF1386A9286CF8EB0021AE02 /* TrackedSet.swift in Sources */ = {isa = PBXBuildFile; fileRef = DF1386A8286CF8EB0021AE02 /* TrackedSet.swift */; };
		DF1386AD286CFB8A0021AE02 /* TimeTrackerView.swift in Sources */ = {isa = PBXBuildFile; fileRef = DF1386AC286CFB8A0021AE02 /* TimeTrackerView.swift */; };
		DF1386AF286CFB980021AE02 /* TimeTrackerViewModel.swift in Sources */ = {isa = PBXBuildFile; fileRef = DF1386AE286CFB980021AE02 /* TimeTrackerViewModel.swift */; };
		DF1386B3286D092A0021AE02 /* TimeInterval++.swift in Sources */ = {isa = PBXBuildFile; fileRef = DF1386B2286D092A0021AE02 /* TimeInterval++.swift */; };
		DF1386B5286DBCB40021AE02 /* TimeInterval++.swift in Sources */ = {isa = PBXBuildFile; fileRef = DF1386B4286DBCB40021AE02 /* TimeInterval++.swift */; };
/* End PBXBuildFile section */

/* Begin PBXContainerItemProxy section */
		DF138689286CF76D0021AE02 /* PBXContainerItemProxy */ = {
			isa = PBXContainerItemProxy;
			containerPortal = DF13866F286CF76B0021AE02 /* Project object */;
			proxyType = 1;
			remoteGlobalIDString = DF138676286CF76B0021AE02;
			remoteInfo = "cube-track";
		};
		DF138693286CF76D0021AE02 /* PBXContainerItemProxy */ = {
			isa = PBXContainerItemProxy;
			containerPortal = DF13866F286CF76B0021AE02 /* Project object */;
			proxyType = 1;
			remoteGlobalIDString = DF138676286CF76B0021AE02;
			remoteInfo = "cube-track";
		};
/* End PBXContainerItemProxy section */

/* Begin PBXFileReference section */
		DF138677286CF76B0021AE02 /* cube-track.app */ = {isa = PBXFileReference; explicitFileType = wrapper.application; includeInIndex = 0; path = "cube-track.app"; sourceTree = BUILT_PRODUCTS_DIR; };
		DF13867A286CF76B0021AE02 /* cube_trackApp.swift */ = {isa = PBXFileReference; lastKnownFileType = sourcecode.swift; path = cube_trackApp.swift; sourceTree = "<group>"; };
		DF13867C286CF76B0021AE02 /* ContentView.swift */ = {isa = PBXFileReference; lastKnownFileType = sourcecode.swift; path = ContentView.swift; sourceTree = "<group>"; };
		DF13867E286CF76C0021AE02 /* Assets.xcassets */ = {isa = PBXFileReference; lastKnownFileType = folder.assetcatalog; path = Assets.xcassets; sourceTree = "<group>"; };
		DF138680286CF76C0021AE02 /* cube_track.entitlements */ = {isa = PBXFileReference; lastKnownFileType = text.plist.entitlements; path = cube_track.entitlements; sourceTree = "<group>"; };
		DF138682286CF76C0021AE02 /* Preview Assets.xcassets */ = {isa = PBXFileReference; lastKnownFileType = folder.assetcatalog; path = "Preview Assets.xcassets"; sourceTree = "<group>"; };
		DF138688286CF76D0021AE02 /* cube-trackTests.xctest */ = {isa = PBXFileReference; explicitFileType = wrapper.cfbundle; includeInIndex = 0; path = "cube-trackTests.xctest"; sourceTree = BUILT_PRODUCTS_DIR; };
		DF138692286CF76D0021AE02 /* cube-trackUITests.xctest */ = {isa = PBXFileReference; explicitFileType = wrapper.cfbundle; includeInIndex = 0; path = "cube-trackUITests.xctest"; sourceTree = BUILT_PRODUCTS_DIR; };
		DF138696286CF76D0021AE02 /* cube_trackUITests.swift */ = {isa = PBXFileReference; lastKnownFileType = sourcecode.swift; path = cube_trackUITests.swift; sourceTree = "<group>"; };
		DF1386A6286CF8DB0021AE02 /* TrackedTime.swift */ = {isa = PBXFileReference; lastKnownFileType = sourcecode.swift; path = TrackedTime.swift; sourceTree = "<group>"; };
		DF1386A8286CF8EB0021AE02 /* TrackedSet.swift */ = {isa = PBXFileReference; lastKnownFileType = sourcecode.swift; path = TrackedSet.swift; sourceTree = "<group>"; };
		DF1386AC286CFB8A0021AE02 /* TimeTrackerView.swift */ = {isa = PBXFileReference; lastKnownFileType = sourcecode.swift; path = TimeTrackerView.swift; sourceTree = "<group>"; };
		DF1386AE286CFB980021AE02 /* TimeTrackerViewModel.swift */ = {isa = PBXFileReference; lastKnownFileType = sourcecode.swift; path = TimeTrackerViewModel.swift; sourceTree = "<group>"; };
		DF1386B2286D092A0021AE02 /* TimeInterval++.swift */ = {isa = PBXFileReference; lastKnownFileType = sourcecode.swift; path = "TimeInterval++.swift"; sourceTree = "<group>"; };
		DF1386B4286DBCB40021AE02 /* TimeInterval++.swift */ = {isa = PBXFileReference; lastKnownFileType = sourcecode.swift; path = "TimeInterval++.swift"; sourceTree = "<group>"; };
		DF1386B6286DC9FB0021AE02 /* cube-track.xctestplan */ = {isa = PBXFileReference; lastKnownFileType = text; name = "cube-track.xctestplan"; path = "cube-track.xcodeproj/cube-track.xctestplan"; sourceTree = "<group>"; };
/* End PBXFileReference section */

/* Begin PBXFrameworksBuildPhase section */
		DF138674286CF76B0021AE02 /* Frameworks */ = {
			isa = PBXFrameworksBuildPhase;
			buildActionMask = 2147483647;
			files = (
			);
			runOnlyForDeploymentPostprocessing = 0;
		};
		DF138685286CF76D0021AE02 /* Frameworks */ = {
			isa = PBXFrameworksBuildPhase;
			buildActionMask = 2147483647;
			files = (
			);
			runOnlyForDeploymentPostprocessing = 0;
		};
		DF13868F286CF76D0021AE02 /* Frameworks */ = {
			isa = PBXFrameworksBuildPhase;
			buildActionMask = 2147483647;
			files = (
			);
			runOnlyForDeploymentPostprocessing = 0;
		};
/* End PBXFrameworksBuildPhase section */

/* Begin PBXGroup section */
		DF13866E286CF76B0021AE02 = {
			isa = PBXGroup;
			children = (
				DF1386B6286DC9FB0021AE02 /* cube-track.xctestplan */,
				DF138679286CF76B0021AE02 /* cube-track */,
				DF13868B286CF76D0021AE02 /* cube-trackTests */,
				DF138695286CF76D0021AE02 /* cube-trackUITests */,
				DF138678286CF76B0021AE02 /* Products */,
			);
			sourceTree = "<group>";
		};
		DF138678286CF76B0021AE02 /* Products */ = {
			isa = PBXGroup;
			children = (
				DF138677286CF76B0021AE02 /* cube-track.app */,
				DF138688286CF76D0021AE02 /* cube-trackTests.xctest */,
				DF138692286CF76D0021AE02 /* cube-trackUITests.xctest */,
			);
			name = Products;
			sourceTree = "<group>";
		};
		DF138679286CF76B0021AE02 /* cube-track */ = {
			isa = PBXGroup;
			children = (
				DF1386B0286D08F00021AE02 /* shared */,
				DF1386AA286CFB3E0021AE02 /* scenes */,
				DF1386A5286CF8BF0021AE02 /* models */,
				DF13867A286CF76B0021AE02 /* cube_trackApp.swift */,
				DF13867C286CF76B0021AE02 /* ContentView.swift */,
				DF13867E286CF76C0021AE02 /* Assets.xcassets */,
				DF138680286CF76C0021AE02 /* cube_track.entitlements */,
				DF138681286CF76C0021AE02 /* Preview Content */,
			);
			path = "cube-track";
			sourceTree = "<group>";
		};
		DF138681286CF76C0021AE02 /* Preview Content */ = {
			isa = PBXGroup;
			children = (
				DF138682286CF76C0021AE02 /* Preview Assets.xcassets */,
			);
			path = "Preview Content";
			sourceTree = "<group>";
		};
		DF13868B286CF76D0021AE02 /* cube-trackTests */ = {
			isa = PBXGroup;
			children = (
				DF1386B4286DBCB40021AE02 /* TimeInterval++.swift */,
			);
			path = "cube-trackTests";
			sourceTree = "<group>";
		};
		DF138695286CF76D0021AE02 /* cube-trackUITests */ = {
			isa = PBXGroup;
			children = (
				DF138696286CF76D0021AE02 /* cube_trackUITests.swift */,
			);
			path = "cube-trackUITests";
			sourceTree = "<group>";
		};
		DF1386A5286CF8BF0021AE02 /* models */ = {
			isa = PBXGroup;
			children = (
				DF1386A6286CF8DB0021AE02 /* TrackedTime.swift */,
				DF1386A8286CF8EB0021AE02 /* TrackedSet.swift */,
			);
			path = models;
			sourceTree = "<group>";
		};
		DF1386AA286CFB3E0021AE02 /* scenes */ = {
			isa = PBXGroup;
			children = (
				DF1386AB286CFB4F0021AE02 /* time_tracker */,
			);
			path = scenes;
			sourceTree = "<group>";
		};
		DF1386AB286CFB4F0021AE02 /* time_tracker */ = {
			isa = PBXGroup;
			children = (
				DF1386AC286CFB8A0021AE02 /* TimeTrackerView.swift */,
				DF1386AE286CFB980021AE02 /* TimeTrackerViewModel.swift */,
			);
			path = time_tracker;
			sourceTree = "<group>";
		};
		DF1386B0286D08F00021AE02 /* shared */ = {
			isa = PBXGroup;
			children = (
				DF1386B1286D08F80021AE02 /* extensions */,
			);
			path = shared;
			sourceTree = "<group>";
		};
		DF1386B1286D08F80021AE02 /* extensions */ = {
			isa = PBXGroup;
			children = (
				DF1386B2286D092A0021AE02 /* TimeInterval++.swift */,
			);
			path = extensions;
			sourceTree = "<group>";
		};
/* End PBXGroup section */

/* Begin PBXNativeTarget section */
		DF138676286CF76B0021AE02 /* cube-track */ = {
			isa = PBXNativeTarget;
			buildConfigurationList = DF13869C286CF76D0021AE02 /* Build configuration list for PBXNativeTarget "cube-track" */;
			buildPhases = (
				DF138673286CF76B0021AE02 /* Sources */,
				DF138674286CF76B0021AE02 /* Frameworks */,
				DF138675286CF76B0021AE02 /* Resources */,
			);
			buildRules = (
			);
			dependencies = (
			);
			name = "cube-track";
			productName = "cube-track";
			productReference = DF138677286CF76B0021AE02 /* cube-track.app */;
			productType = "com.apple.product-type.application";
		};
		DF138687286CF76D0021AE02 /* cube-trackTests */ = {
			isa = PBXNativeTarget;
			buildConfigurationList = DF13869F286CF76D0021AE02 /* Build configuration list for PBXNativeTarget "cube-trackTests" */;
			buildPhases = (
				DF138684286CF76D0021AE02 /* Sources */,
				DF138685286CF76D0021AE02 /* Frameworks */,
				DF138686286CF76D0021AE02 /* Resources */,
			);
			buildRules = (
			);
			dependencies = (
				DF13868A286CF76D0021AE02 /* PBXTargetDependency */,
			);
			name = "cube-trackTests";
			productName = "cube-trackTests";
			productReference = DF138688286CF76D0021AE02 /* cube-trackTests.xctest */;
			productType = "com.apple.product-type.bundle.unit-test";
		};
		DF138691286CF76D0021AE02 /* cube-trackUITests */ = {
			isa = PBXNativeTarget;
			buildConfigurationList = DF1386A2286CF76D0021AE02 /* Build configuration list for PBXNativeTarget "cube-trackUITests" */;
			buildPhases = (
				DF13868E286CF76D0021AE02 /* Sources */,
				DF13868F286CF76D0021AE02 /* Frameworks */,
				DF138690286CF76D0021AE02 /* Resources */,
			);
			buildRules = (
			);
			dependencies = (
				DF138694286CF76D0021AE02 /* PBXTargetDependency */,
			);
			name = "cube-trackUITests";
			productName = "cube-trackUITests";
			productReference = DF138692286CF76D0021AE02 /* cube-trackUITests.xctest */;
			productType = "com.apple.product-type.bundle.ui-testing";
		};
/* End PBXNativeTarget section */

/* Begin PBXProject section */
		DF13866F286CF76B0021AE02 /* Project object */ = {
			isa = PBXProject;
			attributes = {
				BuildIndependentTargetsInParallel = 1;
				LastSwiftUpdateCheck = 1400;
				LastUpgradeCheck = 1400;
				TargetAttributes = {
					DF138676286CF76B0021AE02 = {
						CreatedOnToolsVersion = 14.0;
					};
					DF138687286CF76D0021AE02 = {
						CreatedOnToolsVersion = 14.0;
						TestTargetID = DF138676286CF76B0021AE02;
					};
					DF138691286CF76D0021AE02 = {
						CreatedOnToolsVersion = 14.0;
						TestTargetID = DF138676286CF76B0021AE02;
					};
				};
			};
			buildConfigurationList = DF138672286CF76B0021AE02 /* Build configuration list for PBXProject "cube-track" */;
			compatibilityVersion = "Xcode 14.0";
			developmentRegion = en;
			hasScannedForEncodings = 0;
			knownRegions = (
				en,
				Base,
			);
			mainGroup = DF13866E286CF76B0021AE02;
			productRefGroup = DF138678286CF76B0021AE02 /* Products */;
			projectDirPath = "";
			projectRoot = "";
			targets = (
				DF138676286CF76B0021AE02 /* cube-track */,
				DF138687286CF76D0021AE02 /* cube-trackTests */,
				DF138691286CF76D0021AE02 /* cube-trackUITests */,
			);
		};
/* End PBXProject section */

/* Begin PBXResourcesBuildPhase section */
		DF138675286CF76B0021AE02 /* Resources */ = {
			isa = PBXResourcesBuildPhase;
			buildActionMask = 2147483647;
			files = (
				DF138683286CF76C0021AE02 /* Preview Assets.xcassets in Resources */,
				DF13867F286CF76C0021AE02 /* Assets.xcassets in Resources */,
			);
			runOnlyForDeploymentPostprocessing = 0;
		};
		DF138686286CF76D0021AE02 /* Resources */ = {
			isa = PBXResourcesBuildPhase;
			buildActionMask = 2147483647;
			files = (
			);
			runOnlyForDeploymentPostprocessing = 0;
		};
		DF138690286CF76D0021AE02 /* Resources */ = {
			isa = PBXResourcesBuildPhase;
			buildActionMask = 2147483647;
			files = (
			);
			runOnlyForDeploymentPostprocessing = 0;
		};
/* End PBXResourcesBuildPhase section */

/* Begin PBXSourcesBuildPhase section */
		DF138673286CF76B0021AE02 /* Sources */ = {
			isa = PBXSourcesBuildPhase;
			buildActionMask = 2147483647;
			files = (
				DF1386AF286CFB980021AE02 /* TimeTrackerViewModel.swift in Sources */,
				DF1386B3286D092A0021AE02 /* TimeInterval++.swift in Sources */,
				DF13867D286CF76B0021AE02 /* ContentView.swift in Sources */,
				DF1386AD286CFB8A0021AE02 /* TimeTrackerView.swift in Sources */,
				DF1386A9286CF8EB0021AE02 /* TrackedSet.swift in Sources */,
				DF1386A7286CF8DB0021AE02 /* TrackedTime.swift in Sources */,
				DF13867B286CF76B0021AE02 /* cube_trackApp.swift in Sources */,
			);
			runOnlyForDeploymentPostprocessing = 0;
		};
		DF138684286CF76D0021AE02 /* Sources */ = {
			isa = PBXSourcesBuildPhase;
			buildActionMask = 2147483647;
			files = (
				DF1386B5286DBCB40021AE02 /* TimeInterval++.swift in Sources */,
			);
			runOnlyForDeploymentPostprocessing = 0;
		};
		DF13868E286CF76D0021AE02 /* Sources */ = {
			isa = PBXSourcesBuildPhase;
			buildActionMask = 2147483647;
			files = (
				DF138697286CF76D0021AE02 /* cube_trackUITests.swift in Sources */,
			);
			runOnlyForDeploymentPostprocessing = 0;
		};
/* End PBXSourcesBuildPhase section */

/* Begin PBXTargetDependency section */
		DF13868A286CF76D0021AE02 /* PBXTargetDependency */ = {
			isa = PBXTargetDependency;
			target = DF138676286CF76B0021AE02 /* cube-track */;
			targetProxy = DF138689286CF76D0021AE02 /* PBXContainerItemProxy */;
		};
		DF138694286CF76D0021AE02 /* PBXTargetDependency */ = {
			isa = PBXTargetDependency;
			target = DF138676286CF76B0021AE02 /* cube-track */;
			targetProxy = DF138693286CF76D0021AE02 /* PBXContainerItemProxy */;
		};
/* End PBXTargetDependency section */

/* Begin XCBuildConfiguration section */
		DF13869A286CF76D0021AE02 /* Debug */ = {
			isa = XCBuildConfiguration;
			buildSettings = {
				ALWAYS_SEARCH_USER_PATHS = NO;
				CLANG_ANALYZER_NONNULL = YES;
				CLANG_ANALYZER_NUMBER_OBJECT_CONVERSION = YES_AGGRESSIVE;
				CLANG_CXX_LANGUAGE_STANDARD = "gnu++17";
				CLANG_ENABLE_MODULES = YES;
				CLANG_ENABLE_OBJC_ARC = YES;
				CLANG_ENABLE_OBJC_WEAK = YES;
				CLANG_WARN_BLOCK_CAPTURE_AUTORELEASING = YES;
				CLANG_WARN_BOOL_CONVERSION = YES;
				CLANG_WARN_COMMA = YES;
				CLANG_WARN_CONSTANT_CONVERSION = YES;
				CLANG_WARN_DEPRECATED_OBJC_IMPLEMENTATIONS = YES;
				CLANG_WARN_DIRECT_OBJC_ISA_USAGE = YES_ERROR;
				CLANG_WARN_DOCUMENTATION_COMMENTS = YES;
				CLANG_WARN_EMPTY_BODY = YES;
				CLANG_WARN_ENUM_CONVERSION = YES;
				CLANG_WARN_INFINITE_RECURSION = YES;
				CLANG_WARN_INT_CONVERSION = YES;
				CLANG_WARN_NON_LITERAL_NULL_CONVERSION = YES;
				CLANG_WARN_OBJC_IMPLICIT_RETAIN_SELF = YES;
				CLANG_WARN_OBJC_LITERAL_CONVERSION = YES;
				CLANG_WARN_OBJC_ROOT_CLASS = YES_ERROR;
				CLANG_WARN_QUOTED_INCLUDE_IN_FRAMEWORK_HEADER = YES;
				CLANG_WARN_RANGE_LOOP_ANALYSIS = YES;
				CLANG_WARN_STRICT_PROTOTYPES = YES;
				CLANG_WARN_SUSPICIOUS_MOVE = YES;
				CLANG_WARN_UNGUARDED_AVAILABILITY = YES_AGGRESSIVE;
				CLANG_WARN_UNREACHABLE_CODE = YES;
				CLANG_WARN__DUPLICATE_METHOD_MATCH = YES;
				COPY_PHASE_STRIP = NO;
				DEBUG_INFORMATION_FORMAT = dwarf;
				ENABLE_STRICT_OBJC_MSGSEND = YES;
				ENABLE_TESTABILITY = YES;
				GCC_C_LANGUAGE_STANDARD = gnu11;
				GCC_DYNAMIC_NO_PIC = NO;
				GCC_NO_COMMON_BLOCKS = YES;
				GCC_OPTIMIZATION_LEVEL = 0;
				GCC_PREPROCESSOR_DEFINITIONS = (
					"DEBUG=1",
					"$(inherited)",
				);
				GCC_WARN_64_TO_32_BIT_CONVERSION = YES;
				GCC_WARN_ABOUT_RETURN_TYPE = YES_ERROR;
				GCC_WARN_UNDECLARED_SELECTOR = YES;
				GCC_WARN_UNINITIALIZED_AUTOS = YES_AGGRESSIVE;
				GCC_WARN_UNUSED_FUNCTION = YES;
				GCC_WARN_UNUSED_VARIABLE = YES;
				MTL_ENABLE_DEBUG_INFO = INCLUDE_SOURCE;
				MTL_FAST_MATH = YES;
				ONLY_ACTIVE_ARCH = YES;
				SWIFT_ACTIVE_COMPILATION_CONDITIONS = DEBUG;
				SWIFT_OPTIMIZATION_LEVEL = "-Onone";
			};
			name = Debug;
		};
		DF13869B286CF76D0021AE02 /* Release */ = {
			isa = XCBuildConfiguration;
			buildSettings = {
				ALWAYS_SEARCH_USER_PATHS = NO;
				CLANG_ANALYZER_NONNULL = YES;
				CLANG_ANALYZER_NUMBER_OBJECT_CONVERSION = YES_AGGRESSIVE;
				CLANG_CXX_LANGUAGE_STANDARD = "gnu++17";
				CLANG_ENABLE_MODULES = YES;
				CLANG_ENABLE_OBJC_ARC = YES;
				CLANG_ENABLE_OBJC_WEAK = YES;
				CLANG_WARN_BLOCK_CAPTURE_AUTORELEASING = YES;
				CLANG_WARN_BOOL_CONVERSION = YES;
				CLANG_WARN_COMMA = YES;
				CLANG_WARN_CONSTANT_CONVERSION = YES;
				CLANG_WARN_DEPRECATED_OBJC_IMPLEMENTATIONS = YES;
				CLANG_WARN_DIRECT_OBJC_ISA_USAGE = YES_ERROR;
				CLANG_WARN_DOCUMENTATION_COMMENTS = YES;
				CLANG_WARN_EMPTY_BODY = YES;
				CLANG_WARN_ENUM_CONVERSION = YES;
				CLANG_WARN_INFINITE_RECURSION = YES;
				CLANG_WARN_INT_CONVERSION = YES;
				CLANG_WARN_NON_LITERAL_NULL_CONVERSION = YES;
				CLANG_WARN_OBJC_IMPLICIT_RETAIN_SELF = YES;
				CLANG_WARN_OBJC_LITERAL_CONVERSION = YES;
				CLANG_WARN_OBJC_ROOT_CLASS = YES_ERROR;
				CLANG_WARN_QUOTED_INCLUDE_IN_FRAMEWORK_HEADER = YES;
				CLANG_WARN_RANGE_LOOP_ANALYSIS = YES;
				CLANG_WARN_STRICT_PROTOTYPES = YES;
				CLANG_WARN_SUSPICIOUS_MOVE = YES;
				CLANG_WARN_UNGUARDED_AVAILABILITY = YES_AGGRESSIVE;
				CLANG_WARN_UNREACHABLE_CODE = YES;
				CLANG_WARN__DUPLICATE_METHOD_MATCH = YES;
				COPY_PHASE_STRIP = NO;
				DEBUG_INFORMATION_FORMAT = "dwarf-with-dsym";
				ENABLE_NS_ASSERTIONS = NO;
				ENABLE_STRICT_OBJC_MSGSEND = YES;
				GCC_C_LANGUAGE_STANDARD = gnu11;
				GCC_NO_COMMON_BLOCKS = YES;
				GCC_WARN_64_TO_32_BIT_CONVERSION = YES;
				GCC_WARN_ABOUT_RETURN_TYPE = YES_ERROR;
				GCC_WARN_UNDECLARED_SELECTOR = YES;
				GCC_WARN_UNINITIALIZED_AUTOS = YES_AGGRESSIVE;
				GCC_WARN_UNUSED_FUNCTION = YES;
				GCC_WARN_UNUSED_VARIABLE = YES;
				MTL_ENABLE_DEBUG_INFO = NO;
				MTL_FAST_MATH = YES;
				SWIFT_COMPILATION_MODE = wholemodule;
				SWIFT_OPTIMIZATION_LEVEL = "-O";
			};
			name = Release;
		};
		DF13869D286CF76D0021AE02 /* Debug */ = {
			isa = XCBuildConfiguration;
			buildSettings = {
				ASSETCATALOG_COMPILER_APPICON_NAME = AppIcon;
				ASSETCATALOG_COMPILER_GLOBAL_ACCENT_COLOR_NAME = AccentColor;
				ASSETCATALOG_COMPILER_INCLUDE_ALL_APPICON_ASSETS = YES;
				CODE_SIGN_ENTITLEMENTS = "cube-track/cube_track.entitlements";
				CODE_SIGN_STYLE = Automatic;
				CURRENT_PROJECT_VERSION = 1;
				DEVELOPMENT_ASSET_PATHS = "\"cube-track/Preview Content\"";
				DEVELOPMENT_TEAM = N856DL6EH7;
				ENABLE_HARDENED_RUNTIME = YES;
				ENABLE_PREVIEWS = YES;
				GENERATE_INFOPLIST_FILE = YES;
				INFOPLIST_KEY_CFBundleDisplayName = "Rubics Cube Tracker";
				INFOPLIST_KEY_LSApplicationCategoryType = "public.app-category.puzzle-games";
				"INFOPLIST_KEY_UILaunchScreen_Generation[sdk=iphoneos*]" = YES;
				"INFOPLIST_KEY_UILaunchScreen_Generation[sdk=iphonesimulator*]" = YES;
				INFOPLIST_KEY_UISupportedInterfaceOrientations_iPad = "UIInterfaceOrientationPortrait UIInterfaceOrientationPortraitUpsideDown UIInterfaceOrientationLandscapeLeft UIInterfaceOrientationLandscapeRight";
				INFOPLIST_KEY_UISupportedInterfaceOrientations_iPhone = "UIInterfaceOrientationPortrait UIInterfaceOrientationLandscapeLeft UIInterfaceOrientationLandscapeRight";
				IPHONEOS_DEPLOYMENT_TARGET = 16.0;
				LD_RUNPATH_SEARCH_PATHS = "@executable_path/Frameworks";
				"LD_RUNPATH_SEARCH_PATHS[sdk=macosx*]" = "@executable_path/../Frameworks";
				MACOSX_DEPLOYMENT_TARGET = 12.4;
				MARKETING_VERSION = 1.0;
				PRODUCT_BUNDLE_IDENTIFIER = "com.appmeat.cube-track";
				PRODUCT_NAME = "$(TARGET_NAME)";
				SDKROOT = auto;
				SUPPORTED_PLATFORMS = "iphoneos iphonesimulator macosx";
				SWIFT_EMIT_LOC_STRINGS = YES;
				SWIFT_VERSION = 5.0;
				TARGETED_DEVICE_FAMILY = "1,2";
			};
			name = Debug;
		};
		DF13869E286CF76D0021AE02 /* Release */ = {
			isa = XCBuildConfiguration;
			buildSettings = {
				ASSETCATALOG_COMPILER_APPICON_NAME = AppIcon;
				ASSETCATALOG_COMPILER_GLOBAL_ACCENT_COLOR_NAME = AccentColor;
				ASSETCATALOG_COMPILER_INCLUDE_ALL_APPICON_ASSETS = YES;
				CODE_SIGN_ENTITLEMENTS = "cube-track/cube_track.entitlements";
				CODE_SIGN_STYLE = Automatic;
				CURRENT_PROJECT_VERSION = 1;
				DEVELOPMENT_ASSET_PATHS = "\"cube-track/Preview Content\"";
				DEVELOPMENT_TEAM = N856DL6EH7;
				ENABLE_HARDENED_RUNTIME = YES;
				ENABLE_PREVIEWS = YES;
				GENERATE_INFOPLIST_FILE = YES;
				INFOPLIST_KEY_CFBundleDisplayName = "Rubics Cube Tracker";
				INFOPLIST_KEY_LSApplicationCategoryType = "public.app-category.puzzle-games";
				"INFOPLIST_KEY_UILaunchScreen_Generation[sdk=iphoneos*]" = YES;
				"INFOPLIST_KEY_UILaunchScreen_Generation[sdk=iphonesimulator*]" = YES;
				INFOPLIST_KEY_UISupportedInterfaceOrientations_iPad = "UIInterfaceOrientationPortrait UIInterfaceOrientationPortraitUpsideDown UIInterfaceOrientationLandscapeLeft UIInterfaceOrientationLandscapeRight";
				INFOPLIST_KEY_UISupportedInterfaceOrientations_iPhone = "UIInterfaceOrientationPortrait UIInterfaceOrientationLandscapeLeft UIInterfaceOrientationLandscapeRight";
				IPHONEOS_DEPLOYMENT_TARGET = 16.0;
				LD_RUNPATH_SEARCH_PATHS = "@executable_path/Frameworks";
				"LD_RUNPATH_SEARCH_PATHS[sdk=macosx*]" = "@executable_path/../Frameworks";
				MACOSX_DEPLOYMENT_TARGET = 12.4;
				MARKETING_VERSION = 1.0;
				PRODUCT_BUNDLE_IDENTIFIER = "com.appmeat.cube-track";
				PRODUCT_NAME = "$(TARGET_NAME)";
				SDKROOT = auto;
				SUPPORTED_PLATFORMS = "iphoneos iphonesimulator macosx";
				SWIFT_EMIT_LOC_STRINGS = YES;
				SWIFT_VERSION = 5.0;
				TARGETED_DEVICE_FAMILY = "1,2";
			};
			name = Release;
		};
		DF1386A0286CF76D0021AE02 /* Debug */ = {
			isa = XCBuildConfiguration;
			buildSettings = {
				ALWAYS_EMBED_SWIFT_STANDARD_LIBRARIES = YES;
				BUNDLE_LOADER = "$(TEST_HOST)";
				CODE_SIGN_STYLE = Automatic;
				CURRENT_PROJECT_VERSION = 1;
				DEVELOPMENT_TEAM = N856DL6EH7;
				GENERATE_INFOPLIST_FILE = YES;
				IPHONEOS_DEPLOYMENT_TARGET = 16.0;
				MACOSX_DEPLOYMENT_TARGET = 12.4;
				MARKETING_VERSION = 1.0;
				PRODUCT_BUNDLE_IDENTIFIER = "com.appmeat.cube-trackTests";
				PRODUCT_NAME = "$(TARGET_NAME)";
				SDKROOT = auto;
				SUPPORTED_PLATFORMS = "iphoneos iphonesimulator macosx";
				SWIFT_EMIT_LOC_STRINGS = NO;
				SWIFT_VERSION = 5.0;
				TARGETED_DEVICE_FAMILY = "1,2";
				TEST_HOST = "$(BUILT_PRODUCTS_DIR)/cube-track.app/$(BUNDLE_EXECUTABLE_FOLDER_PATH)/cube-track";
			};
			name = Debug;
		};
		DF1386A1286CF76D0021AE02 /* Release */ = {
			isa = XCBuildConfiguration;
			buildSettings = {
				ALWAYS_EMBED_SWIFT_STANDARD_LIBRARIES = YES;
				BUNDLE_LOADER = "$(TEST_HOST)";
				CODE_SIGN_STYLE = Automatic;
				CURRENT_PROJECT_VERSION = 1;
				DEVELOPMENT_TEAM = N856DL6EH7;
				GENERATE_INFOPLIST_FILE = YES;
				IPHONEOS_DEPLOYMENT_TARGET = 16.0;
				MACOSX_DEPLOYMENT_TARGET = 12.4;
				MARKETING_VERSION = 1.0;
				PRODUCT_BUNDLE_IDENTIFIER = "com.appmeat.cube-trackTests";
				PRODUCT_NAME = "$(TARGET_NAME)";
				SDKROOT = auto;
				SUPPORTED_PLATFORMS = "iphoneos iphonesimulator macosx";
				SWIFT_EMIT_LOC_STRINGS = NO;
				SWIFT_VERSION = 5.0;
				TARGETED_DEVICE_FAMILY = "1,2";
				TEST_HOST = "$(BUILT_PRODUCTS_DIR)/cube-track.app/$(BUNDLE_EXECUTABLE_FOLDER_PATH)/cube-track";
			};
			name = Release;
		};
		DF1386A3286CF76D0021AE02 /* Debug */ = {
			isa = XCBuildConfiguration;
			buildSettings = {
				ALWAYS_EMBED_SWIFT_STANDARD_LIBRARIES = YES;
				CODE_SIGN_STYLE = Automatic;
				CURRENT_PROJECT_VERSION = 1;
				DEVELOPMENT_TEAM = N856DL6EH7;
				GENERATE_INFOPLIST_FILE = YES;
				IPHONEOS_DEPLOYMENT_TARGET = 16.0;
				MACOSX_DEPLOYMENT_TARGET = 12.4;
				MARKETING_VERSION = 1.0;
				PRODUCT_BUNDLE_IDENTIFIER = "com.appmeat.cube-trackUITests";
				PRODUCT_NAME = "$(TARGET_NAME)";
				SDKROOT = auto;
				SUPPORTED_PLATFORMS = "iphoneos iphonesimulator macosx";
				SWIFT_EMIT_LOC_STRINGS = NO;
				SWIFT_VERSION = 5.0;
				TARGETED_DEVICE_FAMILY = "1,2";
				TEST_TARGET_NAME = "cube-track";
			};
			name = Debug;
		};
		DF1386A4286CF76D0021AE02 /* Release */ = {
			isa = XCBuildConfiguration;
			buildSettings = {
				ALWAYS_EMBED_SWIFT_STANDARD_LIBRARIES = YES;
				CODE_SIGN_STYLE = Automatic;
				CURRENT_PROJECT_VERSION = 1;
				DEVELOPMENT_TEAM = N856DL6EH7;
				GENERATE_INFOPLIST_FILE = YES;
				IPHONEOS_DEPLOYMENT_TARGET = 16.0;
				MACOSX_DEPLOYMENT_TARGET = 12.4;
				MARKETING_VERSION = 1.0;
				PRODUCT_BUNDLE_IDENTIFIER = "com.appmeat.cube-trackUITests";
				PRODUCT_NAME = "$(TARGET_NAME)";
				SDKROOT = auto;
				SUPPORTED_PLATFORMS = "iphoneos iphonesimulator macosx";
				SWIFT_EMIT_LOC_STRINGS = NO;
				SWIFT_VERSION = 5.0;
				TARGETED_DEVICE_FAMILY = "1,2";
				TEST_TARGET_NAME = "cube-track";
			};
			name = Release;
		};
/* End XCBuildConfiguration section */

/* Begin XCConfigurationList section */
		DF138672286CF76B0021AE02 /* Build configuration list for PBXProject "cube-track" */ = {
			isa = XCConfigurationList;
			buildConfigurations = (
				DF13869A286CF76D0021AE02 /* Debug */,
				DF13869B286CF76D0021AE02 /* Release */,
			);
			defaultConfigurationIsVisible = 0;
			defaultConfigurationName = Release;
		};
		DF13869C286CF76D0021AE02 /* Build configuration list for PBXNativeTarget "cube-track" */ = {
			isa = XCConfigurationList;
			buildConfigurations = (
				DF13869D286CF76D0021AE02 /* Debug */,
				DF13869E286CF76D0021AE02 /* Release */,
			);
			defaultConfigurationIsVisible = 0;
			defaultConfigurationName = Release;
		};
		DF13869F286CF76D0021AE02 /* Build configuration list for PBXNativeTarget "cube-trackTests" */ = {
			isa = XCConfigurationList;
			buildConfigurations = (
				DF1386A0286CF76D0021AE02 /* Debug */,
				DF1386A1286CF76D0021AE02 /* Release */,
			);
			defaultConfigurationIsVisible = 0;
			defaultConfigurationName = Release;
		};
		DF1386A2286CF76D0021AE02 /* Build configuration list for PBXNativeTarget "cube-trackUITests" */ = {
			isa = XCConfigurationList;
			buildConfigurations = (
				DF1386A3286CF76D0021AE02 /* Debug */,
				DF1386A4286CF76D0021AE02 /* Release */,
			);
			defaultConfigurationIsVisible = 0;
			defaultConfigurationName = Release;
		};
/* End XCConfigurationList section */
	};
	rootObject = DF13866F286CF76B0021AE02 /* Project object */;
}
